
Microsoft Visual Studio Solution File, Format Version 12.00
# Visual Studio 15
VisualStudioVersion = 15.0.27004.2006
MinimumVisualStudioVersion = 10.0.40219.1
Project("{FAE04EC0-301F-11D3-BF4B-00C04F79EFBC}") = "Mozzie.Excelerator.GUI", "Mozzie.Excelerator.Form\Mozzie.Excelerator.GUI.csproj", "{596886BD-A588-4D2D-897B-C3F030C866BF}"
EndProject
Global
	GlobalSection(SolutionConfigurationPlatforms) = preSolution
		Debug|Any CPU = Debug|Any CPU
		Release|Any CPU = Release|Any CPU
	EndGlobalSection
	GlobalSection(ProjectConfigurationPlatforms) = postSolution
		{596886BD-A588-4D2D-897B-C3F030C866BF}.Debug|Any CPU.ActiveCfg = Debug|Any CPU
		{596886BD-A588-4D2D-897B-C3F030C866BF}.Debug|Any CPU.Build.0 = Debug|Any CPU
		{596886BD-A588-4D2D-897B-C3F030C866BF}.Release|Any CPU.ActiveCfg = Release|Any CPU
		{596886BD-A588-4D2D-897B-C3F030C866BF}.Release|Any CPU.Build.0 = Release|Any CPU
	EndGlobalSection
	GlobalSection(SolutionProperties) = preSolution
		HideSolutionNode = FALSE
	EndGlobalSection
	GlobalSection(ExtensibilityGlobals) = postSolution
		SolutionGuid = {DF5DD190-001A-439A-9C04-6F8FF90C41F4}
	EndGlobalSection
EndGlobal
